
Microsoft Visual Studio Solution File, Format Version 12.00
Project("{FAE04EC0-301F-11D3-BF4B-00C04F79EFBC}") = "SalesReportProject", "SalesReportProject\SalesReportProject.csproj", "{A783B6D0-F782-42CA-91D9-9DC985F55A30}"
EndProject
Global
	GlobalSection(SolutionConfigurationPlatforms) = preSolution
		Debug|Any CPU = Debug|Any CPU
		Release|Any CPU = Release|Any CPU
	EndGlobalSection
	GlobalSection(ProjectConfigurationPlatforms) = postSolution
		{A783B6D0-F782-42CA-91D9-9DC985F55A30}.Debug|Any CPU.ActiveCfg = Debug|Any CPU
		{A783B6D0-F782-42CA-91D9-9DC985F55A30}.Debug|Any CPU.Build.0 = Debug|Any CPU
		{A783B6D0-F782-42CA-91D9-9DC985F55A30}.Release|Any CPU.ActiveCfg = Release|Any CPU
		{A783B6D0-F782-42CA-91D9-9DC985F55A30}.Release|Any CPU.Build.0 = Release|Any CPU
	EndGlobalSection
EndGlobal
